
Microsoft Visual Studio Solution File, Format Version 12.00
# Visual Studio 14
VisualStudioVersion = 14.0.25420.1
MinimumVisualStudioVersion = 10.0.40219.1
Project("{F2A71F9B-5D33-465A-A702-920D77279786}") = "OCR", "OCR\OCR.fsproj", "{D77F320D-E599-4EF1-B029-FE81A85A9E15}"
EndProject
Project("{F2A71F9B-5D33-465A-A702-920D77279786}") = "WebApp", "WebApp\WebApp.fsproj", "{D02D2383-E2B2-482C-AFB5-CD82523B3A2C}"
EndProject
Project("{F2A71F9B-5D33-465A-A702-920D77279786}") = "Sequel", "Sequel\Sequel.fsproj", "{DCB37647-D655-45A0-97AA-15657FC74606}"
EndProject
Project("{F2A71F9B-5D33-465A-A702-920D77279786}") = "console_test", "console_test\console_test.fsproj", "{DEA97DA5-D608-4255-AE7F-A8D9980490B8}"
EndProject
Global
	GlobalSection(SolutionConfigurationPlatforms) = preSolution
		Debug|Any CPU = Debug|Any CPU
		Release|Any CPU = Release|Any CPU
	EndGlobalSection
	GlobalSection(ProjectConfigurationPlatforms) = postSolution
		{D77F320D-E599-4EF1-B029-FE81A85A9E15}.Debug|Any CPU.ActiveCfg = Debug|Any CPU
		{D77F320D-E599-4EF1-B029-FE81A85A9E15}.Debug|Any CPU.Build.0 = Debug|Any CPU
		{D77F320D-E599-4EF1-B029-FE81A85A9E15}.Release|Any CPU.ActiveCfg = Release|Any CPU
		{D77F320D-E599-4EF1-B029-FE81A85A9E15}.Release|Any CPU.Build.0 = Release|Any CPU
		{D02D2383-E2B2-482C-AFB5-CD82523B3A2C}.Debug|Any CPU.ActiveCfg = Debug|Any CPU
		{D02D2383-E2B2-482C-AFB5-CD82523B3A2C}.Debug|Any CPU.Build.0 = Debug|Any CPU
		{D02D2383-E2B2-482C-AFB5-CD82523B3A2C}.Release|Any CPU.ActiveCfg = Release|Any CPU
		{D02D2383-E2B2-482C-AFB5-CD82523B3A2C}.Release|Any CPU.Build.0 = Release|Any CPU
		{DCB37647-D655-45A0-97AA-15657FC74606}.Debug|Any CPU.ActiveCfg = Debug|Any CPU
		{DCB37647-D655-45A0-97AA-15657FC74606}.Debug|Any CPU.Build.0 = Debug|Any CPU
		{DCB37647-D655-45A0-97AA-15657FC74606}.Release|Any CPU.ActiveCfg = Release|Any CPU
		{DCB37647-D655-45A0-97AA-15657FC74606}.Release|Any CPU.Build.0 = Release|Any CPU
		{DEA97DA5-D608-4255-AE7F-A8D9980490B8}.Debug|Any CPU.ActiveCfg = Debug|Any CPU
		{DEA97DA5-D608-4255-AE7F-A8D9980490B8}.Debug|Any CPU.Build.0 = Debug|Any CPU
		{DEA97DA5-D608-4255-AE7F-A8D9980490B8}.Release|Any CPU.ActiveCfg = Release|Any CPU
		{DEA97DA5-D608-4255-AE7F-A8D9980490B8}.Release|Any CPU.Build.0 = Release|Any CPU
	EndGlobalSection
	GlobalSection(SolutionProperties) = preSolution
		HideSolutionNode = FALSE
	EndGlobalSection
EndGlobal
